
Microsoft Visual Studio Solution File, Format Version 12.00
# Visual Studio Version 17
VisualStudioVersion = 17.3.32825.248
MinimumVisualStudioVersion = 10.0.40219.1
Project("{FAE04EC0-301F-11D3-BF4B-00C04F79EFBC}") = "Proyecto", "Proyecto\Proyecto.csproj", "{70A85D3D-4EB9-421D-84A3-CED12A6FE9FD}"
EndProject
Global
	GlobalSection(SolutionConfigurationPlatforms) = preSolution
		Debug|Any CPU = Debug|Any CPU
		Release|Any CPU = Release|Any CPU
	EndGlobalSection
	GlobalSection(ProjectConfigurationPlatforms) = postSolution
		{70A85D3D-4EB9-421D-84A3-CED12A6FE9FD}.Debug|Any CPU.ActiveCfg = Debug|Any CPU
		{70A85D3D-4EB9-421D-84A3-CED12A6FE9FD}.Debug|Any CPU.Build.0 = Debug|Any CPU
		{70A85D3D-4EB9-421D-84A3-CED12A6FE9FD}.Release|Any CPU.ActiveCfg = Release|Any CPU
		{70A85D3D-4EB9-421D-84A3-CED12A6FE9FD}.Release|Any CPU.Build.0 = Release|Any CPU
	EndGlobalSection
	GlobalSection(SolutionProperties) = preSolution
		HideSolutionNode = FALSE
	EndGlobalSection
	GlobalSection(ExtensibilityGlobals) = postSolution
		SolutionGuid = {C64B2C8C-43E4-40B2-9335-C1D7AC661060}
	EndGlobalSection
EndGlobal
